[{<<"bombadil">>,
  {git,"https://github.com/lfex/bombadil",
       {ref,"73b21c66999b73218919a2047b4258a223f2e5ac"}},
  0},
 {<<"lfe">>,
  {git,"https://github.com/rvirding/lfe",
       {ref,"d8818317f5dad0eadb51160389591a5081fa062c"}},
  0},
 {<<"toml">>,
  {git,"https://github.com/dozzie/toml",
       {ref,"7ceb48fd8f1194502dac9566a020e67bd5df4197"}},
  0}].
